
Microsoft Visual Studio Solution File, Format Version 12.00
# Visual Studio Version 16
VisualStudioVersion = 16.0.31205.134
MinimumVisualStudioVersion = 10.0.40219.1
Project("{FAE04EC0-301F-11D3-BF4B-00C04F79EFBC}") = "OwinAppDemo", "OwinAppDemo\OwinAppDemo.csproj", "{2BB5588C-1B00-452A-B598-2D9D0F70F6D7}"
EndProject
Project("{FAE04EC0-301F-11D3-BF4B-00C04F79EFBC}") = "OwinAppDemo.Controller", "OwinAppDemo.Controller\OwinAppDemo.Controller.csproj", "{550AE920-D0EE-4799-9725-557748BF58EB}"
EndProject
Global
	GlobalSection(SolutionConfigurationPlatforms) = preSolution
		Debug|Any CPU = Debug|Any CPU
		Release|Any CPU = Release|Any CPU
	EndGlobalSection
	GlobalSection(ProjectConfigurationPlatforms) = postSolution
		{2BB5588C-1B00-452A-B598-2D9D0F70F6D7}.Debug|Any CPU.ActiveCfg = Debug|Any CPU
		{2BB5588C-1B00-452A-B598-2D9D0F70F6D7}.Debug|Any CPU.Build.0 = Debug|Any CPU
		{2BB5588C-1B00-452A-B598-2D9D0F70F6D7}.Release|Any CPU.ActiveCfg = Release|Any CPU
		{2BB5588C-1B00-452A-B598-2D9D0F70F6D7}.Release|Any CPU.Build.0 = Release|Any CPU
		{550AE920-D0EE-4799-9725-557748BF58EB}.Debug|Any CPU.ActiveCfg = Debug|Any CPU
		{550AE920-D0EE-4799-9725-557748BF58EB}.Debug|Any CPU.Build.0 = Debug|Any CPU
		{550AE920-D0EE-4799-9725-557748BF58EB}.Release|Any CPU.ActiveCfg = Release|Any CPU
		{550AE920-D0EE-4799-9725-557748BF58EB}.Release|Any CPU.Build.0 = Release|Any CPU
	EndGlobalSection
	GlobalSection(SolutionProperties) = preSolution
		HideSolutionNode = FALSE
	EndGlobalSection
	GlobalSection(ExtensibilityGlobals) = postSolution
		SolutionGuid = {257966E1-4B4B-463B-A558-6E2B57DB148F}
	EndGlobalSection
EndGlobal
